{
    "_readme": [
        "This file locks the dependencies of your project to a known state",
        "Read more about it at https://getcomposer.org/doc/01-basic-usage.md#installing-dependencies",
        "This file is @generated automatically"
    ],
    "content-hash": "22bbcf9159e4c8987da358a0e482917e",
    "packages": [
        {
            "name": "npm-asset/dropzone",
            "version": "5.9.3",
            "dist": {
                "type": "tar",
                "url": "https://registry.npmjs.org/dropzone/-/dropzone-5.9.3.tgz"
            },
            "type": "npm-asset",
            "license": [
                "MIT"
            ]
        }
    ],
    "packages-dev": [],
    "aliases": [],
    "minimum-stability": "stable",
    "stability-flags": [],
    "prefer-stable": false,
    "prefer-lowest": false,
    "platform": {
        "php": "^8.0"
    },
    "platform-dev": [],
    "plugin-api-version": "2.3.0"
}
